
Microsoft Visual Studio Solution File, Format Version 12.00
# Visual Studio 2012
Project("{FAE04EC0-301F-11D3-BF4B-00C04F79EFBC}") = "Interfaces", "Interfaces\Interfaces.csproj", "{9C0C3FBC-7933-473C-8D33-F83A5CB123A2}"
EndProject
Project("{FAE04EC0-301F-11D3-BF4B-00C04F79EFBC}") = "Interfaces.Test", "Interfaces.Test\Interfaces.Test.csproj", "{805DECFB-B64B-4E30-83FC-9F71BA13463E}"
EndProject
Global
	GlobalSection(SolutionConfigurationPlatforms) = preSolution
		Debug|Any CPU = Debug|Any CPU
		Release|Any CPU = Release|Any CPU
	EndGlobalSection
	GlobalSection(ProjectConfigurationPlatforms) = postSolution
		{9C0C3FBC-7933-473C-8D33-F83A5CB123A2}.Debug|Any CPU.ActiveCfg = Debug|Any CPU
		{9C0C3FBC-7933-473C-8D33-F83A5CB123A2}.Debug|Any CPU.Build.0 = Debug|Any CPU
		{9C0C3FBC-7933-473C-8D33-F83A5CB123A2}.Release|Any CPU.ActiveCfg = Release|Any CPU
		{9C0C3FBC-7933-473C-8D33-F83A5CB123A2}.Release|Any CPU.Build.0 = Release|Any CPU
		{805DECFB-B64B-4E30-83FC-9F71BA13463E}.Debug|Any CPU.ActiveCfg = Debug|Any CPU
		{805DECFB-B64B-4E30-83FC-9F71BA13463E}.Debug|Any CPU.Build.0 = Debug|Any CPU
		{805DECFB-B64B-4E30-83FC-9F71BA13463E}.Release|Any CPU.ActiveCfg = Release|Any CPU
		{805DECFB-B64B-4E30-83FC-9F71BA13463E}.Release|Any CPU.Build.0 = Release|Any CPU
	EndGlobalSection
EndGlobal
